{
	"name": "@leofavre/memory-game-component",
	"version": "1.0.0",
	"lockfileVersion": 1,
	"requires": true,
	"dependencies": {
		"lit-html": {
			"version": "0.11.4",
			"resolved": "https://registry.npmjs.org/lit-html/-/lit-html-0.11.4.tgz",
			"integrity": "sha512-yfJUxQrRjhYo4cdz3Db9YlkHs9v+rTZA4fvE/dqCOrA1Q2Bmx52X2OtEgGQ+JhyCb6ddDTndLijZjsSoQ44G7Q=="
		},
		"observed-properties": {
			"version": "2.0.3",
			"resolved": "https://registry.npmjs.org/observed-properties/-/observed-properties-2.0.3.tgz",
			"integrity": "sha512-Nz/8mad3wt0C3TYnaFTVL5Obi4sXx6k0Cbt7URoazKA4PwnY98e0veLSO/uO0J4siWZVbqoN+M64sjs5BObWoA=="
		}
	}
}
